
Microsoft Visual Studio Solution File, Format Version 12.00
# Visual Studio Version 17
VisualStudioVersion = 17.12.35707.178
MinimumVisualStudioVersion = 10.0.40219.1
Project("{FAE04EC0-301F-11D3-BF4B-00C04F79EFBC}") = "eUseControl.web", "eUseControl.web\eUseControl.web.csproj", "{B0962855-5A96-4781-BEEF-C194AD259853}"
EndProject
Project("{FAE04EC0-301F-11D3-BF4B-00C04F79EFBC}") = "eUseControl.BusinessLogic", "eUseControl.BusinessLogic\eUseControl.BusinessLogic.csproj", "{27799D4A-D3B0-402D-8E6C-0C24E625F362}"
EndProject
Project("{FAE04EC0-301F-11D3-BF4B-00C04F79EFBC}") = "eUseControl.Domain", "eUseControl.Domain\eUseControl.Domain.csproj", "{A42DF362-A9D0-46B4-BF78-997BFE7F57B3}"
EndProject
Project("{FAE04EC0-301F-11D3-BF4B-00C04F79EFBC}") = "eUseControl.Helpers", "eUseControl.Helpers\eUseControl.Helpers.csproj", "{EC465304-57D1-4E2A-8D1F-67E97CD29428}"
EndProject
Global
	GlobalSection(SolutionConfigurationPlatforms) = preSolution
		Debug|Any CPU = Debug|Any CPU
		Release|Any CPU = Release|Any CPU
	EndGlobalSection
	GlobalSection(ProjectConfigurationPlatforms) = postSolution
		{B0962855-5A96-4781-BEEF-C194AD259853}.Debug|Any CPU.ActiveCfg = Debug|Any CPU
		{B0962855-5A96-4781-BEEF-C194AD259853}.Debug|Any CPU.Build.0 = Debug|Any CPU
		{B0962855-5A96-4781-BEEF-C194AD259853}.Release|Any CPU.ActiveCfg = Release|Any CPU
		{B0962855-5A96-4781-BEEF-C194AD259853}.Release|Any CPU.Build.0 = Release|Any CPU
		{27799D4A-D3B0-402D-8E6C-0C24E625F362}.Debug|Any CPU.ActiveCfg = Debug|Any CPU
		{27799D4A-D3B0-402D-8E6C-0C24E625F362}.Debug|Any CPU.Build.0 = Debug|Any CPU
		{27799D4A-D3B0-402D-8E6C-0C24E625F362}.Release|Any CPU.ActiveCfg = Release|Any CPU
		{27799D4A-D3B0-402D-8E6C-0C24E625F362}.Release|Any CPU.Build.0 = Release|Any CPU
		{A42DF362-A9D0-46B4-BF78-997BFE7F57B3}.Debug|Any CPU.ActiveCfg = Debug|Any CPU
		{A42DF362-A9D0-46B4-BF78-997BFE7F57B3}.Debug|Any CPU.Build.0 = Debug|Any CPU
		{A42DF362-A9D0-46B4-BF78-997BFE7F57B3}.Release|Any CPU.ActiveCfg = Release|Any CPU
		{A42DF362-A9D0-46B4-BF78-997BFE7F57B3}.Release|Any CPU.Build.0 = Release|Any CPU
		{EC465304-57D1-4E2A-8D1F-67E97CD29428}.Debug|Any CPU.ActiveCfg = Debug|Any CPU
		{EC465304-57D1-4E2A-8D1F-67E97CD29428}.Debug|Any CPU.Build.0 = Debug|Any CPU
		{EC465304-57D1-4E2A-8D1F-67E97CD29428}.Release|Any CPU.ActiveCfg = Release|Any CPU
		{EC465304-57D1-4E2A-8D1F-67E97CD29428}.Release|Any CPU.Build.0 = Release|Any CPU
	EndGlobalSection
	GlobalSection(SolutionProperties) = preSolution
		HideSolutionNode = FALSE
	EndGlobalSection
EndGlobal
